
Microsoft Visual Studio Solution File, Format Version 12.00
# Visual Studio Version 17
VisualStudioVersion = 17.2.32505.173
MinimumVisualStudioVersion = 10.0.40219.1
Project("{FAE04EC0-301F-11D3-BF4B-00C04F79EFBC}") = "Activity 02", "Activity 02\Activity 02.csproj", "{A286BFE6-8D43-4CC4-9C4A-6A58A27CDC77}"
EndProject
Global
	GlobalSection(SolutionConfigurationPlatforms) = preSolution
		Debug|Any CPU = Debug|Any CPU
		Release|Any CPU = Release|Any CPU
	EndGlobalSection
	GlobalSection(ProjectConfigurationPlatforms) = postSolution
		{A286BFE6-8D43-4CC4-9C4A-6A58A27CDC77}.Debug|Any CPU.ActiveCfg = Debug|Any CPU
		{A286BFE6-8D43-4CC4-9C4A-6A58A27CDC77}.Debug|Any CPU.Build.0 = Debug|Any CPU
		{A286BFE6-8D43-4CC4-9C4A-6A58A27CDC77}.Release|Any CPU.ActiveCfg = Release|Any CPU
		{A286BFE6-8D43-4CC4-9C4A-6A58A27CDC77}.Release|Any CPU.Build.0 = Release|Any CPU
	EndGlobalSection
	GlobalSection(SolutionProperties) = preSolution
		HideSolutionNode = FALSE
	EndGlobalSection
	GlobalSection(ExtensibilityGlobals) = postSolution
		SolutionGuid = {4190CA49-98F3-4B87-98B7-AD3300FC7B8B}
	EndGlobalSection
EndGlobal
